
Microsoft Visual Studio Solution File, Format Version 12.00
# Visual Studio Version 17
VisualStudioVersion = 17.5.33627.172
MinimumVisualStudioVersion = 10.0.40219.1
Project("{FAE04EC0-301F-11D3-BF4B-00C04F79EFBC}") = "QuickLookAndNote", "QuickLookAndNote\QuickLookAndNote.csproj", "{51C812E8-D1FB-44E3-BF6F-72DB2C244BA4}"
EndProject
Global
	GlobalSection(SolutionConfigurationPlatforms) = preSolution
		Debug|Any CPU = Debug|Any CPU
		Release|Any CPU = Release|Any CPU
	EndGlobalSection
	GlobalSection(ProjectConfigurationPlatforms) = postSolution
		{51C812E8-D1FB-44E3-BF6F-72DB2C244BA4}.Debug|Any CPU.ActiveCfg = Debug|Any CPU
		{51C812E8-D1FB-44E3-BF6F-72DB2C244BA4}.Debug|Any CPU.Build.0 = Debug|Any CPU
		{51C812E8-D1FB-44E3-BF6F-72DB2C244BA4}.Release|Any CPU.ActiveCfg = Release|Any CPU
		{51C812E8-D1FB-44E3-BF6F-72DB2C244BA4}.Release|Any CPU.Build.0 = Release|Any CPU
	EndGlobalSection
	GlobalSection(SolutionProperties) = preSolution
		HideSolutionNode = FALSE
	EndGlobalSection
	GlobalSection(ExtensibilityGlobals) = postSolution
		SolutionGuid = {5D390F8B-C7CD-40A5-B9A1-5963E2392618}
	EndGlobalSection
EndGlobal
